
Microsoft Visual Studio Solution File, Format Version 12.00
# Visual Studio Version 17
VisualStudioVersion = 17.9.34714.143
MinimumVisualStudioVersion = 10.0.40219.1
Project("{9A19103F-16F7-4668-BE54-9A1E7A4F7556}") = "Contatos.Core", "Contatos.Core\Contatos.Core.csproj", "{FFB90B8F-3DCF-4217-B714-E219E2CF577D}"
EndProject
Project("{9A19103F-16F7-4668-BE54-9A1E7A4F7556}") = "Contatos.Infra", "Contatos.Infra\Contatos.Infra.csproj", "{998FC6D0-6216-408C-AB2B-777E04D761E7}"
EndProject
Project("{9A19103F-16F7-4668-BE54-9A1E7A4F7556}") = "Contatos.Shared", "Contatos.Shared\Contatos.Shared.csproj", "{32F2D15F-F84B-401E-AE68-0AAF5E6AAD10}"
EndProject
Project("{9A19103F-16F7-4668-BE54-9A1E7A4F7556}") = "Contatos.Api", "Contatos.Api\Contatos.Api.csproj", "{404FBF20-FBB6-4648-93BD-8A367C449A7B}"
EndProject
Project("{9A19103F-16F7-4668-BE54-9A1E7A4F7556}") = "Contatos.Test", "Contatos.Test\Contatos.Test.csproj", "{1D984AFA-1A31-463B-96D4-3C7B82BDC958}"
EndProject
Project("{2150E333-8FDC-42A3-9474-1A3956D46DE8}") = "Deploy", "Deploy", "{E3CE76CC-D4E4-410C-B3B0-36F5A0BF3CAD}"
EndProject
Project("{2150E333-8FDC-42A3-9474-1A3956D46DE8}") = "Kubernetes", "Kubernetes", "{91DBB771-2889-4D98-800C-752F725DE039}"
EndProject
Project("{2150E333-8FDC-42A3-9474-1A3956D46DE8}") = "Kustomize", "Kustomize", "{F09986D0-CD69-47F7-A5E9-FC43EEB3958E}"
	ProjectSection(SolutionItems) = preProject
		kustomization.yaml = kustomization.yaml
	EndProjectSection
EndProject
Project("{2150E333-8FDC-42A3-9474-1A3956D46DE8}") = "RabbitMq", "RabbitMq", "{63997340-A243-46FB-B6D9-A24F6440DD3F}"
EndProject
Project("{2150E333-8FDC-42A3-9474-1A3956D46DE8}") = "Postgres", "Postgres", "{404556EB-F729-48B7-A0DD-896134559B39}"
EndProject
Project("{2150E333-8FDC-42A3-9474-1A3956D46DE8}") = "Regiao", "Regiao", "{8C07B5D4-021F-4DE2-8A61-3A356B0B0801}"
EndProject
Project("{2150E333-8FDC-42A3-9474-1A3956D46DE8}") = "Contatos", "Contatos", "{090E1AE6-B8A3-48C2-9583-1158E26981F4}"
	ProjectSection(SolutionItems) = preProject
		config-map-contato.yaml = config-map-contato.yaml
		psql-claimContatos.yaml = psql-claimContatos.yaml
		deployment-contato.yaml = deployment-contato.yaml
		psql-pvContatos.yaml = psql-pvContatos.yaml
		service-contato.yaml = service-contato.yaml
	EndProjectSection
EndProject
Project("{2150E333-8FDC-42A3-9474-1A3956D46DE8}") = "MsRegiao", "MsRegiao", "{C4801BDC-2762-4104-A5E1-391D721A4E03}"
EndProject
Project("{2150E333-8FDC-42A3-9474-1A3956D46DE8}") = "MsContatos", "MsContatos", "{E42A120D-77BC-4D8F-BC49-2BC02317C789}"
EndProject
Project("{2150E333-8FDC-42A3-9474-1A3956D46DE8}") = "Contato", "Contato", "{3E5B5637-9CBF-4BA1-856F-82EEA6C4FA08}"
	ProjectSection(SolutionItems) = preProject
		cicd.yaml = cicd.yaml
		deployment.yaml = deployment.yaml
	EndProjectSection
EndProject
Global
	GlobalSection(SolutionConfigurationPlatforms) = preSolution
		Debug|Any CPU = Debug|Any CPU
		Release|Any CPU = Release|Any CPU
	EndGlobalSection
	GlobalSection(ProjectConfigurationPlatforms) = postSolution
		{FFB90B8F-3DCF-4217-B714-E219E2CF577D}.Debug|Any CPU.ActiveCfg = Debug|Any CPU
		{FFB90B8F-3DCF-4217-B714-E219E2CF577D}.Debug|Any CPU.Build.0 = Debug|Any CPU
		{FFB90B8F-3DCF-4217-B714-E219E2CF577D}.Release|Any CPU.ActiveCfg = Release|Any CPU
		{FFB90B8F-3DCF-4217-B714-E219E2CF577D}.Release|Any CPU.Build.0 = Release|Any CPU
		{998FC6D0-6216-408C-AB2B-777E04D761E7}.Debug|Any CPU.ActiveCfg = Debug|Any CPU
		{998FC6D0-6216-408C-AB2B-777E04D761E7}.Debug|Any CPU.Build.0 = Debug|Any CPU
		{998FC6D0-6216-408C-AB2B-777E04D761E7}.Release|Any CPU.ActiveCfg = Release|Any CPU
		{998FC6D0-6216-408C-AB2B-777E04D761E7}.Release|Any CPU.Build.0 = Release|Any CPU
		{32F2D15F-F84B-401E-AE68-0AAF5E6AAD10}.Debug|Any CPU.ActiveCfg = Debug|Any CPU
		{32F2D15F-F84B-401E-AE68-0AAF5E6AAD10}.Debug|Any CPU.Build.0 = Debug|Any CPU
		{32F2D15F-F84B-401E-AE68-0AAF5E6AAD10}.Release|Any CPU.ActiveCfg = Release|Any CPU
		{32F2D15F-F84B-401E-AE68-0AAF5E6AAD10}.Release|Any CPU.Build.0 = Release|Any CPU
		{404FBF20-FBB6-4648-93BD-8A367C449A7B}.Debug|Any CPU.ActiveCfg = Debug|Any CPU
		{404FBF20-FBB6-4648-93BD-8A367C449A7B}.Debug|Any CPU.Build.0 = Debug|Any CPU
		{404FBF20-FBB6-4648-93BD-8A367C449A7B}.Release|Any CPU.ActiveCfg = Release|Any CPU
		{404FBF20-FBB6-4648-93BD-8A367C449A7B}.Release|Any CPU.Build.0 = Release|Any CPU
		{1D984AFA-1A31-463B-96D4-3C7B82BDC958}.Debug|Any CPU.ActiveCfg = Debug|Any CPU
		{1D984AFA-1A31-463B-96D4-3C7B82BDC958}.Debug|Any CPU.Build.0 = Debug|Any CPU
		{1D984AFA-1A31-463B-96D4-3C7B82BDC958}.Release|Any CPU.ActiveCfg = Release|Any CPU
		{1D984AFA-1A31-463B-96D4-3C7B82BDC958}.Release|Any CPU.Build.0 = Release|Any CPU
	EndGlobalSection
	GlobalSection(SolutionProperties) = preSolution
		HideSolutionNode = FALSE
	EndGlobalSection
	GlobalSection(NestedProjects) = preSolution
		{91DBB771-2889-4D98-800C-752F725DE039} = {E3CE76CC-D4E4-410C-B3B0-36F5A0BF3CAD}
		{F09986D0-CD69-47F7-A5E9-FC43EEB3958E} = {91DBB771-2889-4D98-800C-752F725DE039}
		{63997340-A243-46FB-B6D9-A24F6440DD3F} = {F09986D0-CD69-47F7-A5E9-FC43EEB3958E}
		{404556EB-F729-48B7-A0DD-896134559B39} = {F09986D0-CD69-47F7-A5E9-FC43EEB3958E}
		{8C07B5D4-021F-4DE2-8A61-3A356B0B0801} = {404556EB-F729-48B7-A0DD-896134559B39}
		{090E1AE6-B8A3-48C2-9583-1158E26981F4} = {404556EB-F729-48B7-A0DD-896134559B39}
		{C4801BDC-2762-4104-A5E1-391D721A4E03} = {F09986D0-CD69-47F7-A5E9-FC43EEB3958E}
		{E42A120D-77BC-4D8F-BC49-2BC02317C789} = {F09986D0-CD69-47F7-A5E9-FC43EEB3958E}
		{3E5B5637-9CBF-4BA1-856F-82EEA6C4FA08} = {F09986D0-CD69-47F7-A5E9-FC43EEB3958E}
	EndGlobalSection
	GlobalSection(ExtensibilityGlobals) = postSolution
		SolutionGuid = {FA997CB2-9646-425B-AF6C-B53E535317AF}
	EndGlobalSection
EndGlobal
